// !$*UTF8*$!
{
	archiveVersion = 1;
	classes = {
	};
	objectVersion = 56;
	objects = {

/* Begin PBXBuildFile section */
		2E2861542962B037006B1C26 /* OkashiApp.swift in Sources */ = {isa = PBXBuildFile; fileRef = 2E2861532962B037006B1C26 /* OkashiApp.swift */; };
		2E2861562962B037006B1C26 /* ContentView.swift in Sources */ = {isa = PBXBuildFile; fileRef = 2E2861552962B037006B1C26 /* ContentView.swift */; };
		2E2861582962B039006B1C26 /* Assets.xcassets in Resources */ = {isa = PBXBuildFile; fileRef = 2E2861572962B039006B1C26 /* Assets.xcassets */; };
		2E28615B2962B039006B1C26 /* Preview Assets.xcassets in Resources */ = {isa = PBXBuildFile; fileRef = 2E28615A2962B039006B1C26 /* Preview Assets.xcassets */; };
		2E2861652962B039006B1C26 /* OkashiTests.swift in Sources */ = {isa = PBXBuildFile; fileRef = 2E2861642962B039006B1C26 /* OkashiTests.swift */; };
		2E28616F2962B039006B1C26 /* OkashiUITests.swift in Sources */ = {isa = PBXBuildFile; fileRef = 2E28616E2962B039006B1C26 /* OkashiUITests.swift */; };
		2E2861712962B039006B1C26 /* OkashiUITestsLaunchTests.swift in Sources */ = {isa = PBXBuildFile; fileRef = 2E2861702962B039006B1C26 /* OkashiUITestsLaunchTests.swift */; };
		2E28617E2962B057006B1C26 /* OkashiData.swift in Sources */ = {isa = PBXBuildFile; fileRef = 2E28617D2962B057006B1C26 /* OkashiData.swift */; };
/* End PBXBuildFile section */

/* Begin PBXContainerItemProxy section */
		2E2861612962B039006B1C26 /* PBXContainerItemProxy */ = {
			isa = PBXContainerItemProxy;
			containerPortal = 2E2861482962B037006B1C26 /* Project object */;
			proxyType = 1;
			remoteGlobalIDString = 2E28614F2962B037006B1C26;
			remoteInfo = Okashi;
		};
		2E28616B2962B039006B1C26 /* PBXContainerItemProxy */ = {
			isa = PBXContainerItemProxy;
			containerPortal = 2E2861482962B037006B1C26 /* Project object */;
			proxyType = 1;
			remoteGlobalIDString = 2E28614F2962B037006B1C26;
			remoteInfo = Okashi;
		};
/* End PBXContainerItemProxy section */

/* Begin PBXFileReference section */
		2E2861502962B037006B1C26 /* Okashi.app */ = {isa = PBXFileReference; explicitFileType = wrapper.application; includeInIndex = 0; path = Okashi.app; sourceTree = BUILT_PRODUCTS_DIR; };
		2E2861532962B037006B1C26 /* OkashiApp.swift */ = {isa = PBXFileReference; lastKnownFileType = sourcecode.swift; path = OkashiApp.swift; sourceTree = "<group>"; };
		2E2861552962B037006B1C26 /* ContentView.swift */ = {isa = PBXFileReference; lastKnownFileType = sourcecode.swift; path = ContentView.swift; sourceTree = "<group>"; };
		2E2861572962B039006B1C26 /* Assets.xcassets */ = {isa = PBXFileReference; lastKnownFileType = folder.assetcatalog; path = Assets.xcassets; sourceTree = "<group>"; };
		2E28615A2962B039006B1C26 /* Preview Assets.xcassets */ = {isa = PBXFileReference; lastKnownFileType = folder.assetcatalog; path = "Preview Assets.xcassets"; sourceTree = "<group>"; };
		2E2861602962B039006B1C26 /* OkashiTests.xctest */ = {isa = PBXFileReference; explicitFileType = wrapper.cfbundle; includeInIndex = 0; path = OkashiTests.xctest; sourceTree = BUILT_PRODUCTS_DIR; };
		2E2861642962B039006B1C26 /* OkashiTests.swift */ = {isa = PBXFileReference; lastKnownFileType = sourcecode.swift; path = OkashiTests.swift; sourceTree = "<group>"; };
		2E28616A2962B039006B1C26 /* OkashiUITests.xctest */ = {isa = PBXFileReference; explicitFileType = wrapper.cfbundle; includeInIndex = 0; path = OkashiUITests.xctest; sourceTree = BUILT_PRODUCTS_DIR; };
		2E28616E2962B039006B1C26 /* OkashiUITests.swift */ = {isa = PBXFileReference; lastKnownFileType = sourcecode.swift; path = OkashiUITests.swift; sourceTree = "<group>"; };
		2E2861702962B039006B1C26 /* OkashiUITestsLaunchTests.swift */ = {isa = PBXFileReference; lastKnownFileType = sourcecode.swift; path = OkashiUITestsLaunchTests.swift; sourceTree = "<group>"; };
		2E28617D2962B057006B1C26 /* OkashiData.swift */ = {isa = PBXFileReference; lastKnownFileType = sourcecode.swift; path = OkashiData.swift; sourceTree = "<group>"; };
/* End PBXFileReference section */

/* Begin PBXFrameworksBuildPhase section */
		2E28614D2962B037006B1C26 /* Frameworks */ = {
			isa = PBXFrameworksBuildPhase;
			buildActionMask = 2147483647;
			files = (
			);
			runOnlyForDeploymentPostprocessing = 0;
		};
		2E28615D2962B039006B1C26 /* Frameworks */ = {
			isa = PBXFrameworksBuildPhase;
			buildActionMask = 2147483647;
			files = (
			);
			runOnlyForDeploymentPostprocessing = 0;
		};
		2E2861672962B039006B1C26 /* Frameworks */ = {
			isa = PBXFrameworksBuildPhase;
			buildActionMask = 2147483647;
			files = (
			);
			runOnlyForDeploymentPostprocessing = 0;
		};
/* End PBXFrameworksBuildPhase section */

/* Begin PBXGroup section */
		2E2861472962B037006B1C26 = {
			isa = PBXGroup;
			children = (
				2E2861522962B037006B1C26 /* Okashi */,
				2E2861632962B039006B1C26 /* OkashiTests */,
				2E28616D2962B039006B1C26 /* OkashiUITests */,
				2E2861512962B037006B1C26 /* Products */,
			);
			sourceTree = "<group>";
		};
		2E2861512962B037006B1C26 /* Products */ = {
			isa = PBXGroup;
			children = (
				2E2861502962B037006B1C26 /* Okashi.app */,
				2E2861602962B039006B1C26 /* OkashiTests.xctest */,
				2E28616A2962B039006B1C26 /* OkashiUITests.xctest */,
			);
			name = Products;
			sourceTree = "<group>";
		};
		2E2861522962B037006B1C26 /* Okashi */ = {
			isa = PBXGroup;
			children = (
				2E2861532962B037006B1C26 /* OkashiApp.swift */,
				2E2861552962B037006B1C26 /* ContentView.swift */,
				2E2861572962B039006B1C26 /* Assets.xcassets */,
				2E2861592962B039006B1C26 /* Preview Content */,
				2E28617D2962B057006B1C26 /* OkashiData.swift */,
			);
			path = Okashi;
			sourceTree = "<group>";
		};
		2E2861592962B039006B1C26 /* Preview Content */ = {
			isa = PBXGroup;
			children = (
				2E28615A2962B039006B1C26 /* Preview Assets.xcassets */,
			);
			path = "Preview Content";
			sourceTree = "<group>";
		};
		2E2861632962B039006B1C26 /* OkashiTests */ = {
			isa = PBXGroup;
			children = (
				2E2861642962B039006B1C26 /* OkashiTests.swift */,
			);
			path = OkashiTests;
			sourceTree = "<group>";
		};
		2E28616D2962B039006B1C26 /* OkashiUITests */ = {
			isa = PBXGroup;
			children = (
				2E28616E2962B039006B1C26 /* OkashiUITests.swift */,
				2E2861702962B039006B1C26 /* OkashiUITestsLaunchTests.swift */,
			);
			path = OkashiUITests;
			sourceTree = "<group>";
		};
/* End PBXGroup section */

/* Begin PBXNativeTarget section */
		2E28614F2962B037006B1C26 /* Okashi */ = {
			isa = PBXNativeTarget;
			buildConfigurationList = 2E2861742962B039006B1C26 /* Build configuration list for PBXNativeTarget "Okashi" */;
			buildPhases = (
				2E28614C2962B037006B1C26 /* Sources */,
				2E28614D2962B037006B1C26 /* Frameworks */,
				2E28614E2962B037006B1C26 /* Resources */,
			);
			buildRules = (
			);
			dependencies = (
			);
			name = Okashi;
			productName = Okashi;
			productReference = 2E2861502962B037006B1C26 /* Okashi.app */;
			productType = "com.apple.product-type.application";
		};
		2E28615F2962B039006B1C26 /* OkashiTests */ = {
			isa = PBXNativeTarget;
			buildConfigurationList = 2E2861772962B039006B1C26 /* Build configuration list for PBXNativeTarget "OkashiTests" */;
			buildPhases = (
				2E28615C2962B039006B1C26 /* Sources */,
				2E28615D2962B039006B1C26 /* Frameworks */,
				2E28615E2962B039006B1C26 /* Resources */,
			);
			buildRules = (
			);
			dependencies = (
				2E2861622962B039006B1C26 /* PBXTargetDependency */,
			);
			name = OkashiTests;
			productName = OkashiTests;
			productReference = 2E2861602962B039006B1C26 /* OkashiTests.xctest */;
			productType = "com.apple.product-type.bundle.unit-test";
		};
		2E2861692962B039006B1C26 /* OkashiUITests */ = {
			isa = PBXNativeTarget;
			buildConfigurationList = 2E28617A2962B039006B1C26 /* Build configuration list for PBXNativeTarget "OkashiUITests" */;
			buildPhases = (
				2E2861662962B039006B1C26 /* Sources */,
				2E2861672962B039006B1C26 /* Frameworks */,
				2E2861682962B039006B1C26 /* Resources */,
			);
			buildRules = (
			);
			dependencies = (
				2E28616C2962B039006B1C26 /* PBXTargetDependency */,
			);
			name = OkashiUITests;
			productName = OkashiUITests;
			productReference = 2E28616A2962B039006B1C26 /* OkashiUITests.xctest */;
			productType = "com.apple.product-type.bundle.ui-testing";
		};
/* End PBXNativeTarget section */

/* Begin PBXProject section */
		2E2861482962B037006B1C26 /* Project object */ = {
			isa = PBXProject;
			attributes = {
				BuildIndependentTargetsInParallel = 1;
				LastSwiftUpdateCheck = 1410;
				LastUpgradeCheck = 1410;
				TargetAttributes = {
					2E28614F2962B037006B1C26 = {
						CreatedOnToolsVersion = 14.1;
					};
					2E28615F2962B039006B1C26 = {
						CreatedOnToolsVersion = 14.1;
						TestTargetID = 2E28614F2962B037006B1C26;
					};
					2E2861692962B039006B1C26 = {
						CreatedOnToolsVersion = 14.1;
						TestTargetID = 2E28614F2962B037006B1C26;
					};
				};
			};
			buildConfigurationList = 2E28614B2962B037006B1C26 /* Build configuration list for PBXProject "Okashi" */;
			compatibilityVersion = "Xcode 14.0";
			developmentRegion = en;
			hasScannedForEncodings = 0;
			knownRegions = (
				en,
				Base,
			);
			mainGroup = 2E2861472962B037006B1C26;
			productRefGroup = 2E2861512962B037006B1C26 /* Products */;
			projectDirPath = "";
			projectRoot = "";
			targets = (
				2E28614F2962B037006B1C26 /* Okashi */,
				2E28615F2962B039006B1C26 /* OkashiTests */,
				2E2861692962B039006B1C26 /* OkashiUITests */,
			);
		};
/* End PBXProject section */

/* Begin PBXResourcesBuildPhase section */
		2E28614E2962B037006B1C26 /* Resources */ = {
			isa = PBXResourcesBuildPhase;
			buildActionMask = 2147483647;
			files = (
				2E28615B2962B039006B1C26 /* Preview Assets.xcassets in Resources */,
				2E2861582962B039006B1C26 /* Assets.xcassets in Resources */,
			);
			runOnlyForDeploymentPostprocessing = 0;
		};
		2E28615E2962B039006B1C26 /* Resources */ = {
			isa = PBXResourcesBuildPhase;
			buildActionMask = 2147483647;
			files = (
			);
			runOnlyForDeploymentPostprocessing = 0;
		};
		2E2861682962B039006B1C26 /* Resources */ = {
			isa = PBXResourcesBuildPhase;
			buildActionMask = 2147483647;
			files = (
			);
			runOnlyForDeploymentPostprocessing = 0;
		};
/* End PBXResourcesBuildPhase section */

/* Begin PBXSourcesBuildPhase section */
		2E28614C2962B037006B1C26 /* Sources */ = {
			isa = PBXSourcesBuildPhase;
			buildActionMask = 2147483647;
			files = (
				2E2861562962B037006B1C26 /* ContentView.swift in Sources */,
				2E28617E2962B057006B1C26 /* OkashiData.swift in Sources */,
				2E2861542962B037006B1C26 /* OkashiApp.swift in Sources */,
			);
			runOnlyForDeploymentPostprocessing = 0;
		};
		2E28615C2962B039006B1C26 /* Sources */ = {
			isa = PBXSourcesBuildPhase;
			buildActionMask = 2147483647;
			files = (
				2E2861652962B039006B1C26 /* OkashiTests.swift in Sources */,
			);
			runOnlyForDeploymentPostprocessing = 0;
		};
		2E2861662962B039006B1C26 /* Sources */ = {
			isa = PBXSourcesBuildPhase;
			buildActionMask = 2147483647;
			files = (
				2E28616F2962B039006B1C26 /* OkashiUITests.swift in Sources */,
				2E2861712962B039006B1C26 /* OkashiUITestsLaunchTests.swift in Sources */,
			);
			runOnlyForDeploymentPostprocessing = 0;
		};
/* End PBXSourcesBuildPhase section */

/* Begin PBXTargetDependency section */
		2E2861622962B039006B1C26 /* PBXTargetDependency */ = {
			isa = PBXTargetDependency;
			target = 2E28614F2962B037006B1C26 /* Okashi */;
			targetProxy = 2E2861612962B039006B1C26 /* PBXContainerItemProxy */;
		};
		2E28616C2962B039006B1C26 /* PBXTargetDependency */ = {
			isa = PBXTargetDependency;
			target = 2E28614F2962B037006B1C26 /* Okashi */;
			targetProxy = 2E28616B2962B039006B1C26 /* PBXContainerItemProxy */;
		};
/* End PBXTargetDependency section */

/* Begin XCBuildConfiguration section */
		2E2861722962B039006B1C26 /* Debug */ = {
			isa = XCBuildConfiguration;
			buildSettings = {
				ALWAYS_SEARCH_USER_PATHS = NO;
				CLANG_ANALYZER_NONNULL = YES;
				CLANG_ANALYZER_NUMBER_OBJECT_CONVERSION = YES_AGGRESSIVE;
				CLANG_CXX_LANGUAGE_STANDARD = "gnu++20";
				CLANG_ENABLE_MODULES = YES;
				CLANG_ENABLE_OBJC_ARC = YES;
				CLANG_ENABLE_OBJC_WEAK = YES;
				CLANG_WARN_BLOCK_CAPTURE_AUTORELEASING = YES;
				CLANG_WARN_BOOL_CONVERSION = YES;
				CLANG_WARN_COMMA = YES;
				CLANG_WARN_CONSTANT_CONVERSION = YES;
				CLANG_WARN_DEPRECATED_OBJC_IMPLEMENTATIONS = YES;
				CLANG_WARN_DIRECT_OBJC_ISA_USAGE = YES_ERROR;
				CLANG_WARN_DOCUMENTATION_COMMENTS = YES;
				CLANG_WARN_EMPTY_BODY = YES;
				CLANG_WARN_ENUM_CONVERSION = YES;
				CLANG_WARN_INFINITE_RECURSION = YES;
				CLANG_WARN_INT_CONVERSION = YES;
				CLANG_WARN_NON_LITERAL_NULL_CONVERSION = YES;
				CLANG_WARN_OBJC_IMPLICIT_RETAIN_SELF = YES;
				CLANG_WARN_OBJC_LITERAL_CONVERSION = YES;
				CLANG_WARN_OBJC_ROOT_CLASS = YES_ERROR;
				CLANG_WARN_QUOTED_INCLUDE_IN_FRAMEWORK_HEADER = YES;
				CLANG_WARN_RANGE_LOOP_ANALYSIS = YES;
				CLANG_WARN_STRICT_PROTOTYPES = YES;
				CLANG_WARN_SUSPICIOUS_MOVE = YES;
				CLANG_WARN_UNGUARDED_AVAILABILITY = YES_AGGRESSIVE;
				CLANG_WARN_UNREACHABLE_CODE = YES;
				CLANG_WARN__DUPLICATE_METHOD_MATCH = YES;
				COPY_PHASE_STRIP = NO;
				DEBUG_INFORMATION_FORMAT = dwarf;
				ENABLE_STRICT_OBJC_MSGSEND = YES;
				ENABLE_TESTABILITY = YES;
				GCC_C_LANGUAGE_STANDARD = gnu11;
				GCC_DYNAMIC_NO_PIC = NO;
				GCC_NO_COMMON_BLOCKS = YES;
				GCC_OPTIMIZATION_LEVEL = 0;
				GCC_PREPROCESSOR_DEFINITIONS = (
					"DEBUG=1",
					"$(inherited)",
				);
				GCC_WARN_64_TO_32_BIT_CONVERSION = YES;
				GCC_WARN_ABOUT_RETURN_TYPE = YES_ERROR;
				GCC_WARN_UNDECLARED_SELECTOR = YES;
				GCC_WARN_UNINITIALIZED_AUTOS = YES_AGGRESSIVE;
				GCC_WARN_UNUSED_FUNCTION = YES;
				GCC_WARN_UNUSED_VARIABLE = YES;
				IPHONEOS_DEPLOYMENT_TARGET = 16.1;
				MTL_ENABLE_DEBUG_INFO = INCLUDE_SOURCE;
				MTL_FAST_MATH = YES;
				ONLY_ACTIVE_ARCH = YES;
				SDKROOT = iphoneos;
				SWIFT_ACTIVE_COMPILATION_CONDITIONS = DEBUG;
				SWIFT_OPTIMIZATION_LEVEL = "-Onone";
			};
			name = Debug;
		};
		2E2861732962B039006B1C26 /* Release */ = {
			isa = XCBuildConfiguration;
			buildSettings = {
				ALWAYS_SEARCH_USER_PATHS = NO;
				CLANG_ANALYZER_NONNULL = YES;
				CLANG_ANALYZER_NUMBER_OBJECT_CONVERSION = YES_AGGRESSIVE;
				CLANG_CXX_LANGUAGE_STANDARD = "gnu++20";
				CLANG_ENABLE_MODULES = YES;
				CLANG_ENABLE_OBJC_ARC = YES;
				CLANG_ENABLE_OBJC_WEAK = YES;
				CLANG_WARN_BLOCK_CAPTURE_AUTORELEASING = YES;
				CLANG_WARN_BOOL_CONVERSION = YES;
				CLANG_WARN_COMMA = YES;
				CLANG_WARN_CONSTANT_CONVERSION = YES;
				CLANG_WARN_DEPRECATED_OBJC_IMPLEMENTATIONS = YES;
				CLANG_WARN_DIRECT_OBJC_ISA_USAGE = YES_ERROR;
				CLANG_WARN_DOCUMENTATION_COMMENTS = YES;
				CLANG_WARN_EMPTY_BODY = YES;
				CLANG_WARN_ENUM_CONVERSION = YES;
				CLANG_WARN_INFINITE_RECURSION = YES;
				CLANG_WARN_INT_CONVERSION = YES;
				CLANG_WARN_NON_LITERAL_NULL_CONVERSION = YES;
				CLANG_WARN_OBJC_IMPLICIT_RETAIN_SELF = YES;
				CLANG_WARN_OBJC_LITERAL_CONVERSION = YES;
				CLANG_WARN_OBJC_ROOT_CLASS = YES_ERROR;
				CLANG_WARN_QUOTED_INCLUDE_IN_FRAMEWORK_HEADER = YES;
				CLANG_WARN_RANGE_LOOP_ANALYSIS = YES;
				CLANG_WARN_STRICT_PROTOTYPES = YES;
				CLANG_WARN_SUSPICIOUS_MOVE = YES;
				CLANG_WARN_UNGUARDED_AVAILABILITY = YES_AGGRESSIVE;
				CLANG_WARN_UNREACHABLE_CODE = YES;
				CLANG_WARN__DUPLICATE_METHOD_MATCH = YES;
				COPY_PHASE_STRIP = NO;
				DEBUG_INFORMATION_FORMAT = "dwarf-with-dsym";
				ENABLE_NS_ASSERTIONS = NO;
				ENABLE_STRICT_OBJC_MSGSEND = YES;
				GCC_C_LANGUAGE_STANDARD = gnu11;
				GCC_NO_COMMON_BLOCKS = YES;
				GCC_WARN_64_TO_32_BIT_CONVERSION = YES;
				GCC_WARN_ABOUT_RETURN_TYPE = YES_ERROR;
				GCC_WARN_UNDECLARED_SELECTOR = YES;
				GCC_WARN_UNINITIALIZED_AUTOS = YES_AGGRESSIVE;
				GCC_WARN_UNUSED_FUNCTION = YES;
				GCC_WARN_UNUSED_VARIABLE = YES;
				IPHONEOS_DEPLOYMENT_TARGET = 16.1;
				MTL_ENABLE_DEBUG_INFO = NO;
				MTL_FAST_MATH = YES;
				SDKROOT = iphoneos;
				SWIFT_COMPILATION_MODE = wholemodule;
				SWIFT_OPTIMIZATION_LEVEL = "-O";
				VALIDATE_PRODUCT = YES;
			};
			name = Release;
		};
		2E2861752962B039006B1C26 /* Debug */ = {
			isa = XCBuildConfiguration;
			buildSettings = {
				ASSETCATALOG_COMPILER_APPICON_NAME = AppIcon;
				ASSETCATALOG_COMPILER_GLOBAL_ACCENT_COLOR_NAME = AccentColor;
				CODE_SIGN_STYLE = Automatic;
				CURRENT_PROJECT_VERSION = 1;
				DEVELOPMENT_ASSET_PATHS = "\"Okashi/Preview Content\"";
				DEVELOPMENT_TEAM = U6YK24M25J;
				ENABLE_PREVIEWS = YES;
				GENERATE_INFOPLIST_FILE = YES;
				INFOPLIST_KEY_UIApplicationSceneManifest_Generation = YES;
				INFOPLIST_KEY_UIApplicationSupportsIndirectInputEvents = YES;
				INFOPLIST_KEY_UILaunchScreen_Generation = YES;
				INFOPLIST_KEY_UISupportedInterfaceOrientations_iPad = "UIInterfaceOrientationPortrait UIInterfaceOrientationPortraitUpsideDown UIInterfaceOrientationLandscapeLeft UIInterfaceOrientationLandscapeRight";
				INFOPLIST_KEY_UISupportedInterfaceOrientations_iPhone = "UIInterfaceOrientationPortrait UIInterfaceOrientationLandscapeLeft UIInterfaceOrientationLandscapeRight";
				LD_RUNPATH_SEARCH_PATHS = (
					"$(inherited)",
					"@executable_path/Frameworks",
				);
				MARKETING_VERSION = 1.0;
				PRODUCT_BUNDLE_IDENTIFIER = com.example.Okashi;
				PRODUCT_NAME = "$(TARGET_NAME)";
				SWIFT_EMIT_LOC_STRINGS = YES;
				SWIFT_VERSION = 5.0;
				TARGETED_DEVICE_FAMILY = "1,2";
			};
			name = Debug;
		};
		2E2861762962B039006B1C26 /* Release */ = {
			isa = XCBuildConfiguration;
			buildSettings = {
				ASSETCATALOG_COMPILER_APPICON_NAME = AppIcon;
				ASSETCATALOG_COMPILER_GLOBAL_ACCENT_COLOR_NAME = AccentColor;
				CODE_SIGN_STYLE = Automatic;
				CURRENT_PROJECT_VERSION = 1;
				DEVELOPMENT_ASSET_PATHS = "\"Okashi/Preview Content\"";
				DEVELOPMENT_TEAM = U6YK24M25J;
				ENABLE_PREVIEWS = YES;
				GENERATE_INFOPLIST_FILE = YES;
				INFOPLIST_KEY_UIApplicationSceneManifest_Generation = YES;
				INFOPLIST_KEY_UIApplicationSupportsIndirectInputEvents = YES;
				INFOPLIST_KEY_UILaunchScreen_Generation = YES;
				INFOPLIST_KEY_UISupportedInterfaceOrientations_iPad = "UIInterfaceOrientationPortrait UIInterfaceOrientationPortraitUpsideDown UIInterfaceOrientationLandscapeLeft UIInterfaceOrientationLandscapeRight";
				INFOPLIST_KEY_UISupportedInterfaceOrientations_iPhone = "UIInterfaceOrientationPortrait UIInterfaceOrientationLandscapeLeft UIInterfaceOrientationLandscapeRight";
				LD_RUNPATH_SEARCH_PATHS = (
					"$(inherited)",
					"@executable_path/Frameworks",
				);
				MARKETING_VERSION = 1.0;
				PRODUCT_BUNDLE_IDENTIFIER = com.example.Okashi;
				PRODUCT_NAME = "$(TARGET_NAME)";
				SWIFT_EMIT_LOC_STRINGS = YES;
				SWIFT_VERSION = 5.0;
				TARGETED_DEVICE_FAMILY = "1,2";
			};
			name = Release;
		};
		2E2861782962B039006B1C26 /* Debug */ = {
			isa = XCBuildConfiguration;
			buildSettings = {
				ALWAYS_EMBED_SWIFT_STANDARD_LIBRARIES = YES;
				BUNDLE_LOADER = "$(TEST_HOST)";
				CODE_SIGN_STYLE = Automatic;
				CURRENT_PROJECT_VERSION = 1;
				DEVELOPMENT_TEAM = U6YK24M25J;
				GENERATE_INFOPLIST_FILE = YES;
				IPHONEOS_DEPLOYMENT_TARGET = 16.1;
				MARKETING_VERSION = 1.0;
				PRODUCT_BUNDLE_IDENTIFIER = com.example.OkashiTests;
				PRODUCT_NAME = "$(TARGET_NAME)";
				SWIFT_EMIT_LOC_STRINGS = NO;
				SWIFT_VERSION = 5.0;
				TARGETED_DEVICE_FAMILY = "1,2";
				TEST_HOST = "$(BUILT_PRODUCTS_DIR)/Okashi.app/$(BUNDLE_EXECUTABLE_FOLDER_PATH)/Okashi";
			};
			name = Debug;
		};
		2E2861792962B039006B1C26 /* Release */ = {
			isa = XCBuildConfiguration;
			buildSettings = {
				ALWAYS_EMBED_SWIFT_STANDARD_LIBRARIES = YES;
				BUNDLE_LOADER = "$(TEST_HOST)";
				CODE_SIGN_STYLE = Automatic;
				CURRENT_PROJECT_VERSION = 1;
				DEVELOPMENT_TEAM = U6YK24M25J;
				GENERATE_INFOPLIST_FILE = YES;
				IPHONEOS_DEPLOYMENT_TARGET = 16.1;
				MARKETING_VERSION = 1.0;
				PRODUCT_BUNDLE_IDENTIFIER = com.example.OkashiTests;
				PRODUCT_NAME = "$(TARGET_NAME)";
				SWIFT_EMIT_LOC_STRINGS = NO;
				SWIFT_VERSION = 5.0;
				TARGETED_DEVICE_FAMILY = "1,2";
				TEST_HOST = "$(BUILT_PRODUCTS_DIR)/Okashi.app/$(BUNDLE_EXECUTABLE_FOLDER_PATH)/Okashi";
			};
			name = Release;
		};
		2E28617B2962B039006B1C26 /* Debug */ = {
			isa = XCBuildConfiguration;
			buildSettings = {
				ALWAYS_EMBED_SWIFT_STANDARD_LIBRARIES = YES;
				CODE_SIGN_STYLE = Automatic;
				CURRENT_PROJECT_VERSION = 1;
				DEVELOPMENT_TEAM = U6YK24M25J;
				GENERATE_INFOPLIST_FILE = YES;
				MARKETING_VERSION = 1.0;
				PRODUCT_BUNDLE_IDENTIFIER = com.example.OkashiUITests;
				PRODUCT_NAME = "$(TARGET_NAME)";
				SWIFT_EMIT_LOC_STRINGS = NO;
				SWIFT_VERSION = 5.0;
				TARGETED_DEVICE_FAMILY = "1,2";
				TEST_TARGET_NAME = Okashi;
			};
			name = Debug;
		};
		2E28617C2962B039006B1C26 /* Release */ = {
			isa = XCBuildConfiguration;
			buildSettings = {
				ALWAYS_EMBED_SWIFT_STANDARD_LIBRARIES = YES;
				CODE_SIGN_STYLE = Automatic;
				CURRENT_PROJECT_VERSION = 1;
				DEVELOPMENT_TEAM = U6YK24M25J;
				GENERATE_INFOPLIST_FILE = YES;
				MARKETING_VERSION = 1.0;
				PRODUCT_BUNDLE_IDENTIFIER = com.example.OkashiUITests;
				PRODUCT_NAME = "$(TARGET_NAME)";
				SWIFT_EMIT_LOC_STRINGS = NO;
				SWIFT_VERSION = 5.0;
				TARGETED_DEVICE_FAMILY = "1,2";
				TEST_TARGET_NAME = Okashi;
			};
			name = Release;
		};
/* End XCBuildConfiguration section */

/* Begin XCConfigurationList section */
		2E28614B2962B037006B1C26 /* Build configuration list for PBXProject "Okashi" */ = {
			isa = XCConfigurationList;
			buildConfigurations = (
				2E2861722962B039006B1C26 /* Debug */,
				2E2861732962B039006B1C26 /* Release */,
			);
			defaultConfigurationIsVisible = 0;
			defaultConfigurationName = Release;
		};
		2E2861742962B039006B1C26 /* Build configuration list for PBXNativeTarget "Okashi" */ = {
			isa = XCConfigurationList;
			buildConfigurations = (
				2E2861752962B039006B1C26 /* Debug */,
				2E2861762962B039006B1C26 /* Release */,
			);
			defaultConfigurationIsVisible = 0;
			defaultConfigurationName = Release;
		};
		2E2861772962B039006B1C26 /* Build configuration list for PBXNativeTarget "OkashiTests" */ = {
			isa = XCConfigurationList;
			buildConfigurations = (
				2E2861782962B039006B1C26 /* Debug */,
				2E2861792962B039006B1C26 /* Release */,
			);
			defaultConfigurationIsVisible = 0;
			defaultConfigurationName = Release;
		};
		2E28617A2962B039006B1C26 /* Build configuration list for PBXNativeTarget "OkashiUITests" */ = {
			isa = XCConfigurationList;
			buildConfigurations = (
				2E28617B2962B039006B1C26 /* Debug */,
				2E28617C2962B039006B1C26 /* Release */,
			);
			defaultConfigurationIsVisible = 0;
			defaultConfigurationName = Release;
		};
/* End XCConfigurationList section */
	};
	rootObject = 2E2861482962B037006B1C26 /* Project object */;
}
